
Microsoft Visual Studio Solution File, Format Version 12.00
# Visual Studio Version 17
VisualStudioVersion = 17.6.33712.159
MinimumVisualStudioVersion = 10.0.40219.1
Project("{FAE04EC0-301F-11D3-BF4B-00C04F79EFBC}") = "Week13SQLiteDB", "Week13SQLiteDB\Week13SQLiteDB.csproj", "{87038764-FE13-42EB-98A0-03802BBEDDBE}"
EndProject
Global
	GlobalSection(SolutionConfigurationPlatforms) = preSolution
		Debug|Any CPU = Debug|Any CPU
		Release|Any CPU = Release|Any CPU
	EndGlobalSection
	GlobalSection(ProjectConfigurationPlatforms) = postSolution
		{87038764-FE13-42EB-98A0-03802BBEDDBE}.Debug|Any CPU.ActiveCfg = Debug|Any CPU
		{87038764-FE13-42EB-98A0-03802BBEDDBE}.Debug|Any CPU.Build.0 = Debug|Any CPU
		{87038764-FE13-42EB-98A0-03802BBEDDBE}.Release|Any CPU.ActiveCfg = Release|Any CPU
		{87038764-FE13-42EB-98A0-03802BBEDDBE}.Release|Any CPU.Build.0 = Release|Any CPU
	EndGlobalSection
	GlobalSection(SolutionProperties) = preSolution
		HideSolutionNode = FALSE
	EndGlobalSection
	GlobalSection(ExtensibilityGlobals) = postSolution
		SolutionGuid = {C34BEBFE-200B-4FCE-864D-951660299607}
	EndGlobalSection
EndGlobal
